
Microsoft Visual Studio Solution File, Format Version 12.00
# Visual Studio Version 17
VisualStudioVersion = 17.2.32630.192
MinimumVisualStudioVersion = 10.0.40219.1
Project("{9A19103F-16F7-4668-BE54-9A1E7A4F7556}") = "ApiCrochbet", "ApiCrochbet.csproj", "{8D251382-A85C-4A6C-B7E0-8AB331C59955}"
EndProject
Project("{FAE04EC0-301F-11D3-BF4B-00C04F79EFBC}") = "modelos", "..\modelos\modelos.csproj", "{1AF3016E-CE87-43CA-8377-2AFA4C96563D}"
EndProject
Global
	GlobalSection(SolutionConfigurationPlatforms) = preSolution
		Debug|Any CPU = Debug|Any CPU
		Release|Any CPU = Release|Any CPU
	EndGlobalSection
	GlobalSection(ProjectConfigurationPlatforms) = postSolution
		{8D251382-A85C-4A6C-B7E0-8AB331C59955}.Debug|Any CPU.ActiveCfg = Debug|Any CPU
		{8D251382-A85C-4A6C-B7E0-8AB331C59955}.Debug|Any CPU.Build.0 = Debug|Any CPU
		{8D251382-A85C-4A6C-B7E0-8AB331C59955}.Release|Any CPU.ActiveCfg = Release|Any CPU
		{8D251382-A85C-4A6C-B7E0-8AB331C59955}.Release|Any CPU.Build.0 = Release|Any CPU
		{1AF3016E-CE87-43CA-8377-2AFA4C96563D}.Debug|Any CPU.ActiveCfg = Debug|Any CPU
		{1AF3016E-CE87-43CA-8377-2AFA4C96563D}.Debug|Any CPU.Build.0 = Debug|Any CPU
		{1AF3016E-CE87-43CA-8377-2AFA4C96563D}.Release|Any CPU.ActiveCfg = Release|Any CPU
		{1AF3016E-CE87-43CA-8377-2AFA4C96563D}.Release|Any CPU.Build.0 = Release|Any CPU
	EndGlobalSection
	GlobalSection(SolutionProperties) = preSolution
		HideSolutionNode = FALSE
	EndGlobalSection
	GlobalSection(ExtensibilityGlobals) = postSolution
		SolutionGuid = {754F6C64-4F3C-4BAA-BC57-0361DB948EC4}
	EndGlobalSection
EndGlobal
